
Microsoft Visual Studio Solution File, Format Version 12.00
# Visual Studio Version 16
VisualStudioVersion = 16.0.29424.173
MinimumVisualStudioVersion = 10.0.40219.1
Project("{2150E333-8FDC-42A3-9474-1A3956D46DE8}") = "Domain", "Domain", "{8F54049D-869F-4A9E-82BB-2B4B09126D11}"
EndProject
Project("{2150E333-8FDC-42A3-9474-1A3956D46DE8}") = "Infrastructure.Bus", "Infrastructure.Bus", "{FE18418F-B733-4899-B9DD-50BD9C263A72}"
EndProject
Project("{2150E333-8FDC-42A3-9474-1A3956D46DE8}") = "Infrastructure.IoC", "Infrastructure.IoC", "{6229134B-14C0-460F-B5ED-E0015F9038A2}"
EndProject
Project("{2150E333-8FDC-42A3-9474-1A3956D46DE8}") = "Microservices", "Microservices", "{26B79B4B-554D-478B-8E35-058F746C18AB}"
EndProject
Project("{2150E333-8FDC-42A3-9474-1A3956D46DE8}") = "Presentation", "Presentation", "{34438DF1-BD36-4AB0-8937-16657BCFF9B7}"
EndProject
Project("{9A19103F-16F7-4668-BE54-9A1E7A4F7556}") = "MicroRabbit.Domain", "MicroRabbit.Domain\MicroRabbit.Domain.csproj", "{7F26367B-F0CC-4319-A4F3-02CDBE1C3542}"
EndProject
Project("{FAE04EC0-301F-11D3-BF4B-00C04F79EFBC}") = "MicroRabbit.Infrastructure.Bus", "MicroRabbit.Infrastructure.Bus\MicroRabbit.Infrastructure.Bus.csproj", "{17109F13-641C-4E46-B488-63254C7BCA59}"
EndProject
Global
	GlobalSection(SolutionConfigurationPlatforms) = preSolution
		Debug|Any CPU = Debug|Any CPU
		Release|Any CPU = Release|Any CPU
	EndGlobalSection
	GlobalSection(ProjectConfigurationPlatforms) = postSolution
		{7F26367B-F0CC-4319-A4F3-02CDBE1C3542}.Debug|Any CPU.ActiveCfg = Debug|Any CPU
		{7F26367B-F0CC-4319-A4F3-02CDBE1C3542}.Debug|Any CPU.Build.0 = Debug|Any CPU
		{7F26367B-F0CC-4319-A4F3-02CDBE1C3542}.Release|Any CPU.ActiveCfg = Release|Any CPU
		{7F26367B-F0CC-4319-A4F3-02CDBE1C3542}.Release|Any CPU.Build.0 = Release|Any CPU
		{17109F13-641C-4E46-B488-63254C7BCA59}.Debug|Any CPU.ActiveCfg = Debug|Any CPU
		{17109F13-641C-4E46-B488-63254C7BCA59}.Debug|Any CPU.Build.0 = Debug|Any CPU
		{17109F13-641C-4E46-B488-63254C7BCA59}.Release|Any CPU.ActiveCfg = Release|Any CPU
		{17109F13-641C-4E46-B488-63254C7BCA59}.Release|Any CPU.Build.0 = Release|Any CPU
	EndGlobalSection
	GlobalSection(SolutionProperties) = preSolution
		HideSolutionNode = FALSE
	EndGlobalSection
	GlobalSection(NestedProjects) = preSolution
		{7F26367B-F0CC-4319-A4F3-02CDBE1C3542} = {8F54049D-869F-4A9E-82BB-2B4B09126D11}
		{17109F13-641C-4E46-B488-63254C7BCA59} = {FE18418F-B733-4899-B9DD-50BD9C263A72}
	EndGlobalSection
	GlobalSection(ExtensibilityGlobals) = postSolution
		SolutionGuid = {11619CEC-A9BA-41A3-8287-55BE5C5252F2}
	EndGlobalSection
EndGlobal
